
Microsoft Visual Studio Solution File, Format Version 12.00
# Visual Studio Version 16
VisualStudioVersion = 16.0.28803.352
MinimumVisualStudioVersion = 10.0.40219.1
Project("{FAE04EC0-301F-11D3-BF4B-00C04F79EFBC}") = "PickyTicky", "PickyTicky\PickyTicky.csproj", "{2EC1A5B5-29B6-4075-97FD-73918124354A}"
EndProject
Global
	GlobalSection(SolutionConfigurationPlatforms) = preSolution
		Debug|Any CPU = Debug|Any CPU
		Release|Any CPU = Release|Any CPU
	EndGlobalSection
	GlobalSection(ProjectConfigurationPlatforms) = postSolution
		{2EC1A5B5-29B6-4075-97FD-73918124354A}.Debug|Any CPU.ActiveCfg = Debug|Any CPU
		{2EC1A5B5-29B6-4075-97FD-73918124354A}.Debug|Any CPU.Build.0 = Debug|Any CPU
		{2EC1A5B5-29B6-4075-97FD-73918124354A}.Release|Any CPU.ActiveCfg = Release|Any CPU
		{2EC1A5B5-29B6-4075-97FD-73918124354A}.Release|Any CPU.Build.0 = Release|Any CPU
	EndGlobalSection
	GlobalSection(SolutionProperties) = preSolution
		HideSolutionNode = FALSE
	EndGlobalSection
	GlobalSection(ExtensibilityGlobals) = postSolution
		SolutionGuid = {95E074E4-58E0-4A91-BE6F-B3C11CD4FAE0}
	EndGlobalSection
EndGlobal
